// !$*UTF8*$!
{
	archiveVersion = 1;
	classes = {
	};
	objectVersion = 46;
	objects = {

/* Begin PBXBuildFile section */
		3D3E6FE618FDC57B002E7A6A /* NSString+MorseCode.m in Sources */ = {isa = PBXBuildFile; fileRef = 3D3E6FE518FDC57B002E7A6A /* NSString+MorseCode.m */; };
		3D3E6FE818FDC62F002E7A6A /* MorseTranslatorPList.plist in Resources */ = {isa = PBXBuildFile; fileRef = 3D3E6FE718FDC62F002E7A6A /* MorseTranslatorPList.plist */; };
		3D3E6FEA18FDD039002E7A6A /* MorseDictionary.plist in Resources */ = {isa = PBXBuildFile; fileRef = 3D3E6FE918FDD039002E7A6A /* MorseDictionary.plist */; };
		3DC3592118FC7601005F59E6 /* Foundation.framework in Frameworks */ = {isa = PBXBuildFile; fileRef = 3DC3592018FC7601005F59E6 /* Foundation.framework */; };
		3DC3592318FC7601005F59E6 /* CoreGraphics.framework in Frameworks */ = {isa = PBXBuildFile; fileRef = 3DC3592218FC7601005F59E6 /* CoreGraphics.framework */; };
		3DC3592518FC7601005F59E6 /* UIKit.framework in Frameworks */ = {isa = PBXBuildFile; fileRef = 3DC3592418FC7601005F59E6 /* UIKit.framework */; };
		3DC3592B18FC7601005F59E6 /* InfoPlist.strings in Resources */ = {isa = PBXBuildFile; fileRef = 3DC3592918FC7601005F59E6 /* InfoPlist.strings */; };
		3DC3592D18FC7601005F59E6 /* main.m in Sources */ = {isa = PBXBuildFile; fileRef = 3DC3592C18FC7601005F59E6 /* main.m */; };
		3DC3593118FC7601005F59E6 /* AppDelegate.m in Sources */ = {isa = PBXBuildFile; fileRef = 3DC3593018FC7601005F59E6 /* AppDelegate.m */; };
		3DC3593418FC7601005F59E6 /* Main.storyboard in Resources */ = {isa = PBXBuildFile; fileRef = 3DC3593218FC7601005F59E6 /* Main.storyboard */; };
		3DC3593718FC7601005F59E6 /* ViewController.m in Sources */ = {isa = PBXBuildFile; fileRef = 3DC3593618FC7601005F59E6 /* ViewController.m */; };
		3DC3593918FC7602005F59E6 /* Images.xcassets in Resources */ = {isa = PBXBuildFile; fileRef = 3DC3593818FC7602005F59E6 /* Images.xcassets */; };
		3DC3594018FC7602005F59E6 /* XCTest.framework in Frameworks */ = {isa = PBXBuildFile; fileRef = 3DC3593F18FC7602005F59E6 /* XCTest.framework */; };
		3DC3594118FC7602005F59E6 /* Foundation.framework in Frameworks */ = {isa = PBXBuildFile; fileRef = 3DC3592018FC7601005F59E6 /* Foundation.framework */; };
		3DC3594218FC7602005F59E6 /* UIKit.framework in Frameworks */ = {isa = PBXBuildFile; fileRef = 3DC3592418FC7601005F59E6 /* UIKit.framework */; };
		3DC3594A18FC7602005F59E6 /* InfoPlist.strings in Resources */ = {isa = PBXBuildFile; fileRef = 3DC3594818FC7602005F59E6 /* InfoPlist.strings */; };
		3DC3594C18FC7602005F59E6 /* MorseTorchTests.m in Sources */ = {isa = PBXBuildFile; fileRef = 3DC3594B18FC7602005F59E6 /* MorseTorchTests.m */; };
/* End PBXBuildFile section */

/* Begin PBXContainerItemProxy section */
		3DC3594318FC7602005F59E6 /* PBXContainerItemProxy */ = {
			isa = PBXContainerItemProxy;
			containerPortal = 3DC3591518FC7601005F59E6 /* Project object */;
			proxyType = 1;
			remoteGlobalIDString = 3DC3591C18FC7601005F59E6;
			remoteInfo = MorseTorch;
		};
/* End PBXContainerItemProxy section */

/* Begin PBXFileReference section */
		3D3E6FE418FDC57B002E7A6A /* NSString+MorseCode.h */ = {isa = PBXFileReference; fileEncoding = 4; lastKnownFileType = sourcecode.c.h; path = "NSString+MorseCode.h"; sourceTree = "<group>"; };
		3D3E6FE518FDC57B002E7A6A /* NSString+MorseCode.m */ = {isa = PBXFileReference; fileEncoding = 4; lastKnownFileType = sourcecode.c.objc; path = "NSString+MorseCode.m"; sourceTree = "<group>"; };
		3D3E6FE718FDC62F002E7A6A /* MorseTranslatorPList.plist */ = {isa = PBXFileReference; fileEncoding = 4; lastKnownFileType = text.plist.xml; path = MorseTranslatorPList.plist; sourceTree = "<group>"; };
		3D3E6FE918FDD039002E7A6A /* MorseDictionary.plist */ = {isa = PBXFileReference; fileEncoding = 4; lastKnownFileType = text.plist.xml; path = MorseDictionary.plist; sourceTree = "<group>"; };
		3DC3591D18FC7601005F59E6 /* MorseTorch.app */ = {isa = PBXFileReference; explicitFileType = wrapper.application; includeInIndex = 0; path = MorseTorch.app; sourceTree = BUILT_PRODUCTS_DIR; };
		3DC3592018FC7601005F59E6 /* Foundation.framework */ = {isa = PBXFileReference; lastKnownFileType = wrapper.framework; name = Foundation.framework; path = System/Library/Frameworks/Foundation.framework; sourceTree = SDKROOT; };
		3DC3592218FC7601005F59E6 /* CoreGraphics.framework */ = {isa = PBXFileReference; lastKnownFileType = wrapper.framework; name = CoreGraphics.framework; path = System/Library/Frameworks/CoreGraphics.framework; sourceTree = SDKROOT; };
		3DC3592418FC7601005F59E6 /* UIKit.framework */ = {isa = PBXFileReference; lastKnownFileType = wrapper.framework; name = UIKit.framework; path = System/Library/Frameworks/UIKit.framework; sourceTree = SDKROOT; };
		3DC3592818FC7601005F59E6 /* MorseTorch-Info.plist */ = {isa = PBXFileReference; lastKnownFileType = text.plist.xml; path = "MorseTorch-Info.plist"; sourceTree = "<group>"; };
		3DC3592A18FC7601005F59E6 /* en */ = {isa = PBXFileReference; lastKnownFileType = text.plist.strings; name = en; path = en.lproj/InfoPlist.strings; sourceTree = "<group>"; };
		3DC3592C18FC7601005F59E6 /* main.m */ = {isa = PBXFileReference; lastKnownFileType = sourcecode.c.objc; path = main.m; sourceTree = "<group>"; };
		3DC3592E18FC7601005F59E6 /* MorseTorch-Prefix.pch */ = {isa = PBXFileReference; lastKnownFileType = sourcecode.c.h; path = "MorseTorch-Prefix.pch"; sourceTree = "<group>"; };
		3DC3592F18FC7601005F59E6 /* AppDelegate.h */ = {isa = PBXFileReference; lastKnownFileType = sourcecode.c.h; path = AppDelegate.h; sourceTree = "<group>"; };
		3DC3593018FC7601005F59E6 /* AppDelegate.m */ = {isa = PBXFileReference; lastKnownFileType = sourcecode.c.objc; path = AppDelegate.m; sourceTree = "<group>"; };
		3DC3593318FC7601005F59E6 /* Base */ = {isa = PBXFileReference; lastKnownFileType = file.storyboard; name = Base; path = Base.lproj/Main.storyboard; sourceTree = "<group>"; };
		3DC3593518FC7601005F59E6 /* ViewController.h */ = {isa = PBXFileReference; lastKnownFileType = sourcecode.c.h; path = ViewController.h; sourceTree = "<group>"; };
		3DC3593618FC7601005F59E6 /* ViewController.m */ = {isa = PBXFileReference; lastKnownFileType = sourcecode.c.objc; path = ViewController.m; sourceTree = "<group>"; };
		3DC3593818FC7602005F59E6 /* Images.xcassets */ = {isa = PBXFileReference; lastKnownFileType = folder.assetcatalog; path = Images.xcassets; sourceTree = "<group>"; };
		3DC3593E18FC7602005F59E6 /* MorseTorchTests.xctest */ = {isa = PBXFileReference; explicitFileType = wrapper.cfbundle; includeInIndex = 0; path = MorseTorchTests.xctest; sourceTree = BUILT_PRODUCTS_DIR; };
		3DC3593F18FC7602005F59E6 /* XCTest.framework */ = {isa = PBXFileReference; lastKnownFileType = wrapper.framework; name = XCTest.framework; path = Library/Frameworks/XCTest.framework; sourceTree = DEVELOPER_DIR; };
		3DC3594718FC7602005F59E6 /* MorseTorchTests-Info.plist */ = {isa = PBXFileReference; lastKnownFileType = text.plist.xml; path = "MorseTorchTests-Info.plist"; sourceTree = "<group>"; };
		3DC3594918FC7602005F59E6 /* en */ = {isa = PBXFileReference; lastKnownFileType = text.plist.strings; name = en; path = en.lproj/InfoPlist.strings; sourceTree = "<group>"; };
		3DC3594B18FC7602005F59E6 /* MorseTorchTests.m */ = {isa = PBXFileReference; lastKnownFileType = sourcecode.c.objc; path = MorseTorchTests.m; sourceTree = "<group>"; };
/* End PBXFileReference section */

/* Begin PBXFrameworksBuildPhase section */
		3DC3591A18FC7601005F59E6 /* Frameworks */ = {
			isa = PBXFrameworksBuildPhase;
			buildActionMask = 2147483647;
			files = (
				3DC3592318FC7601005F59E6 /* CoreGraphics.framework in Frameworks */,
				3DC3592518FC7601005F59E6 /* UIKit.framework in Frameworks */,
				3DC3592118FC7601005F59E6 /* Foundation.framework in Frameworks */,
			);
			runOnlyForDeploymentPostprocessing = 0;
		};
		3DC3593B18FC7602005F59E6 /* Frameworks */ = {
			isa = PBXFrameworksBuildPhase;
			buildActionMask = 2147483647;
			files = (
				3DC3594018FC7602005F59E6 /* XCTest.framework in Frameworks */,
				3DC3594218FC7602005F59E6 /* UIKit.framework in Frameworks */,
				3DC3594118FC7602005F59E6 /* Foundation.framework in Frameworks */,
			);
			runOnlyForDeploymentPostprocessing = 0;
		};
/* End PBXFrameworksBuildPhase section */

/* Begin PBXGroup section */
		3DC3591418FC7601005F59E6 = {
			isa = PBXGroup;
			children = (
				3DC3592618FC7601005F59E6 /* MorseTorch */,
				3DC3594518FC7602005F59E6 /* MorseTorchTests */,
				3DC3591F18FC7601005F59E6 /* Frameworks */,
				3DC3591E18FC7601005F59E6 /* Products */,
			);
			sourceTree = "<group>";
		};
		3DC3591E18FC7601005F59E6 /* Products */ = {
			isa = PBXGroup;
			children = (
				3DC3591D18FC7601005F59E6 /* MorseTorch.app */,
				3DC3593E18FC7602005F59E6 /* MorseTorchTests.xctest */,
			);
			name = Products;
			sourceTree = "<group>";
		};
		3DC3591F18FC7601005F59E6 /* Frameworks */ = {
			isa = PBXGroup;
			children = (
				3DC3592018FC7601005F59E6 /* Foundation.framework */,
				3DC3592218FC7601005F59E6 /* CoreGraphics.framework */,
				3DC3592418FC7601005F59E6 /* UIKit.framework */,
				3DC3593F18FC7602005F59E6 /* XCTest.framework */,
			);
			name = Frameworks;
			sourceTree = "<group>";
		};
		3DC3592618FC7601005F59E6 /* MorseTorch */ = {
			isa = PBXGroup;
			children = (
				3DC3592F18FC7601005F59E6 /* AppDelegate.h */,
				3DC3593018FC7601005F59E6 /* AppDelegate.m */,
				3DC3593218FC7601005F59E6 /* Main.storyboard */,
				3DC3593518FC7601005F59E6 /* ViewController.h */,
				3DC3593618FC7601005F59E6 /* ViewController.m */,
				3D3E6FE418FDC57B002E7A6A /* NSString+MorseCode.h */,
				3D3E6FE518FDC57B002E7A6A /* NSString+MorseCode.m */,
				3DC3593818FC7602005F59E6 /* Images.xcassets */,
				3DC3592718FC7601005F59E6 /* Supporting Files */,
			);
			path = MorseTorch;
			sourceTree = "<group>";
		};
		3DC3592718FC7601005F59E6 /* Supporting Files */ = {
			isa = PBXGroup;
			children = (
				3DC3592818FC7601005F59E6 /* MorseTorch-Info.plist */,
				3D3E6FE718FDC62F002E7A6A /* MorseTranslatorPList.plist */,
				3D3E6FE918FDD039002E7A6A /* MorseDictionary.plist */,
				3DC3592918FC7601005F59E6 /* InfoPlist.strings */,
				3DC3592C18FC7601005F59E6 /* main.m */,
				3DC3592E18FC7601005F59E6 /* MorseTorch-Prefix.pch */,
			);
			name = "Supporting Files";
			sourceTree = "<group>";
		};
		3DC3594518FC7602005F59E6 /* MorseTorchTests */ = {
			isa = PBXGroup;
			children = (
				3DC3594B18FC7602005F59E6 /* MorseTorchTests.m */,
				3DC3594618FC7602005F59E6 /* Supporting Files */,
			);
			path = MorseTorchTests;
			sourceTree = "<group>";
		};
		3DC3594618FC7602005F59E6 /* Supporting Files */ = {
			isa = PBXGroup;
			children = (
				3DC3594718FC7602005F59E6 /* MorseTorchTests-Info.plist */,
				3DC3594818FC7602005F59E6 /* InfoPlist.strings */,
			);
			name = "Supporting Files";
			sourceTree = "<group>";
		};
/* End PBXGroup section */

/* Begin PBXNativeTarget section */
		3DC3591C18FC7601005F59E6 /* MorseTorch */ = {
			isa = PBXNativeTarget;
			buildConfigurationList = 3DC3594F18FC7602005F59E6 /* Build configuration list for PBXNativeTarget "MorseTorch" */;
			buildPhases = (
				3DC3591918FC7601005F59E6 /* Sources */,
				3DC3591A18FC7601005F59E6 /* Frameworks */,
				3DC3591B18FC7601005F59E6 /* Resources */,
			);
			buildRules = (
			);
			dependencies = (
			);
			name = MorseTorch;
			productName = MorseTorch;
			productReference = 3DC3591D18FC7601005F59E6 /* MorseTorch.app */;
			productType = "com.apple.product-type.application";
		};
		3DC3593D18FC7602005F59E6 /* MorseTorchTests */ = {
			isa = PBXNativeTarget;
			buildConfigurationList = 3DC3595218FC7602005F59E6 /* Build configuration list for PBXNativeTarget "MorseTorchTests" */;
			buildPhases = (
				3DC3593A18FC7602005F59E6 /* Sources */,
				3DC3593B18FC7602005F59E6 /* Frameworks */,
				3DC3593C18FC7602005F59E6 /* Resources */,
			);
			buildRules = (
			);
			dependencies = (
				3DC3594418FC7602005F59E6 /* PBXTargetDependency */,
			);
			name = MorseTorchTests;
			productName = MorseTorchTests;
			productReference = 3DC3593E18FC7602005F59E6 /* MorseTorchTests.xctest */;
			productType = "com.apple.product-type.bundle.unit-test";
		};
/* End PBXNativeTarget section */

/* Begin PBXProject section */
		3DC3591518FC7601005F59E6 /* Project object */ = {
			isa = PBXProject;
			attributes = {
				LastUpgradeCheck = 0510;
				ORGANIZATIONNAME = "Cole Bratcher";
				TargetAttributes = {
					3DC3591C18FC7601005F59E6 = {
						DevelopmentTeam = BBAXTC9262;
					};
					3DC3593D18FC7602005F59E6 = {
						TestTargetID = 3DC3591C18FC7601005F59E6;
					};
				};
			};
			buildConfigurationList = 3DC3591818FC7601005F59E6 /* Build configuration list for PBXProject "MorseTorch" */;
			compatibilityVersion = "Xcode 3.2";
			developmentRegion = English;
			hasScannedForEncodings = 0;
			knownRegions = (
				en,
				Base,
			);
			mainGroup = 3DC3591418FC7601005F59E6;
			productRefGroup = 3DC3591E18FC7601005F59E6 /* Products */;
			projectDirPath = "";
			projectRoot = "";
			targets = (
				3DC3591C18FC7601005F59E6 /* MorseTorch */,
				3DC3593D18FC7602005F59E6 /* MorseTorchTests */,
			);
		};
/* End PBXProject section */

/* Begin PBXResourcesBuildPhase section */
		3DC3591B18FC7601005F59E6 /* Resources */ = {
			isa = PBXResourcesBuildPhase;
			buildActionMask = 2147483647;
			files = (
				3D3E6FE818FDC62F002E7A6A /* MorseTranslatorPList.plist in Resources */,
				3DC3593918FC7602005F59E6 /* Images.xcassets in Resources */,
				3DC3592B18FC7601005F59E6 /* InfoPlist.strings in Resources */,
				3D3E6FEA18FDD039002E7A6A /* MorseDictionary.plist in Resources */,
				3DC3593418FC7601005F59E6 /* Main.storyboard in Resources */,
			);
			runOnlyForDeploymentPostprocessing = 0;
		};
		3DC3593C18FC7602005F59E6 /* Resources */ = {
			isa = PBXResourcesBuildPhase;
			buildActionMask = 2147483647;
			files = (
				3DC3594A18FC7602005F59E6 /* InfoPlist.strings in Resources */,
			);
			runOnlyForDeploymentPostprocessing = 0;
		};
/* End PBXResourcesBuildPhase section */

/* Begin PBXSourcesBuildPhase section */
		3DC3591918FC7601005F59E6 /* Sources */ = {
			isa = PBXSourcesBuildPhase;
			buildActionMask = 2147483647;
			files = (
				3DC3593718FC7601005F59E6 /* ViewController.m in Sources */,
				3DC3593118FC7601005F59E6 /* AppDelegate.m in Sources */,
				3DC3592D18FC7601005F59E6 /* main.m in Sources */,
				3D3E6FE618FDC57B002E7A6A /* NSString+MorseCode.m in Sources */,
			);
			runOnlyForDeploymentPostprocessing = 0;
		};
		3DC3593A18FC7602005F59E6 /* Sources */ = {
			isa = PBXSourcesBuildPhase;
			buildActionMask = 2147483647;
			files = (
				3DC3594C18FC7602005F59E6 /* MorseTorchTests.m in Sources */,
			);
			runOnlyForDeploymentPostprocessing = 0;
		};
/* End PBXSourcesBuildPhase section */

/* Begin PBXTargetDependency section */
		3DC3594418FC7602005F59E6 /* PBXTargetDependency */ = {
			isa = PBXTargetDependency;
			target = 3DC3591C18FC7601005F59E6 /* MorseTorch */;
			targetProxy = 3DC3594318FC7602005F59E6 /* PBXContainerItemProxy */;
		};
/* End PBXTargetDependency section */

/* Begin PBXVariantGroup section */
		3DC3592918FC7601005F59E6 /* InfoPlist.strings */ = {
			isa = PBXVariantGroup;
			children = (
				3DC3592A18FC7601005F59E6 /* en */,
			);
			name = InfoPlist.strings;
			sourceTree = "<group>";
		};
		3DC3593218FC7601005F59E6 /* Main.storyboard */ = {
			isa = PBXVariantGroup;
			children = (
				3DC3593318FC7601005F59E6 /* Base */,
			);
			name = Main.storyboard;
			sourceTree = "<group>";
		};
		3DC3594818FC7602005F59E6 /* InfoPlist.strings */ = {
			isa = PBXVariantGroup;
			children = (
				3DC3594918FC7602005F59E6 /* en */,
			);
			name = InfoPlist.strings;
			sourceTree = "<group>";
		};
/* End PBXVariantGroup section */

/* Begin XCBuildConfiguration section */
		3DC3594D18FC7602005F59E6 /* Debug */ = {
			isa = XCBuildConfiguration;
			buildSettings = {
				ALWAYS_SEARCH_USER_PATHS = NO;
				CLANG_CXX_LANGUAGE_STANDARD = "gnu++0x";
				CLANG_CXX_LIBRARY = "libc++";
				CLANG_ENABLE_MODULES = YES;
				CLANG_ENABLE_OBJC_ARC = YES;
				CLANG_WARN_BOOL_CONVERSION = YES;
				CLANG_WARN_CONSTANT_CONVERSION = YES;
				CLANG_WARN_DIRECT_OBJC_ISA_USAGE = YES_ERROR;
				CLANG_WARN_EMPTY_BODY = YES;
				CLANG_WARN_ENUM_CONVERSION = YES;
				CLANG_WARN_INT_CONVERSION = YES;
				CLANG_WARN_OBJC_ROOT_CLASS = YES_ERROR;
				CLANG_WARN__DUPLICATE_METHOD_MATCH = YES;
				"CODE_SIGN_IDENTITY[sdk=iphoneos*]" = "iPhone Developer";
				COPY_PHASE_STRIP = NO;
				GCC_C_LANGUAGE_STANDARD = gnu99;
				GCC_DYNAMIC_NO_PIC = NO;
				GCC_OPTIMIZATION_LEVEL = 0;
				GCC_PREPROCESSOR_DEFINITIONS = (
					"DEBUG=1",
					"$(inherited)",
				);
				GCC_SYMBOLS_PRIVATE_EXTERN = NO;
				GCC_WARN_64_TO_32_BIT_CONVERSION = YES;
				GCC_WARN_ABOUT_RETURN_TYPE = YES_ERROR;
				GCC_WARN_UNDECLARED_SELECTOR = YES;
				GCC_WARN_UNINITIALIZED_AUTOS = YES_AGGRESSIVE;
				GCC_WARN_UNUSED_FUNCTION = YES;
				GCC_WARN_UNUSED_VARIABLE = YES;
				IPHONEOS_DEPLOYMENT_TARGET = 7.1;
				ONLY_ACTIVE_ARCH = YES;
				SDKROOT = iphoneos;
			};
			name = Debug;
		};
		3DC3594E18FC7602005F59E6 /* Release */ = {
			isa = XCBuildConfiguration;
			buildSettings = {
				ALWAYS_SEARCH_USER_PATHS = NO;
				CLANG_CXX_LANGUAGE_STANDARD = "gnu++0x";
				CLANG_CXX_LIBRARY = "libc++";
				CLANG_ENABLE_MODULES = YES;
				CLANG_ENABLE_OBJC_ARC = YES;
				CLANG_WARN_BOOL_CONVERSION = YES;
				CLANG_WARN_CONSTANT_CONVERSION = YES;
				CLANG_WARN_DIRECT_OBJC_ISA_USAGE = YES_ERROR;
				CLANG_WARN_EMPTY_BODY = YES;
				CLANG_WARN_ENUM_CONVERSION = YES;
				CLANG_WARN_INT_CONVERSION = YES;
				CLANG_WARN_OBJC_ROOT_CLASS = YES_ERROR;
				CLANG_WARN__DUPLICATE_METHOD_MATCH = YES;
				"CODE_SIGN_IDENTITY[sdk=iphoneos*]" = "iPhone Developer";
				COPY_PHASE_STRIP = YES;
				ENABLE_NS_ASSERTIONS = NO;
				GCC_C_LANGUAGE_STANDARD = gnu99;
				GCC_WARN_64_TO_32_BIT_CONVERSION = YES;
				GCC_WARN_ABOUT_RETURN_TYPE = YES_ERROR;
				GCC_WARN_UNDECLARED_SELECTOR = YES;
				GCC_WARN_UNINITIALIZED_AUTOS = YES_AGGRESSIVE;
				GCC_WARN_UNUSED_FUNCTION = YES;
				GCC_WARN_UNUSED_VARIABLE = YES;
				IPHONEOS_DEPLOYMENT_TARGET = 7.1;
				SDKROOT = iphoneos;
				VALIDATE_PRODUCT = YES;
			};
			name = Release;
		};
		3DC3595018FC7602005F59E6 /* Debug */ = {
			isa = XCBuildConfiguration;
			buildSettings = {
				ASSETCATALOG_COMPILER_APPICON_NAME = AppIcon;
				ASSETCATALOG_COMPILER_LAUNCHIMAGE_NAME = LaunchImage;
				CODE_SIGN_IDENTITY = "iPhone Developer";
				"CODE_SIGN_IDENTITY[sdk=iphoneos*]" = "iPhone Developer";
				GCC_PRECOMPILE_PREFIX_HEADER = YES;
				GCC_PREFIX_HEADER = "MorseTorch/MorseTorch-Prefix.pch";
				INFOPLIST_FILE = "MorseTorch/MorseTorch-Info.plist";
				PRODUCT_NAME = "$(TARGET_NAME)";
				PROVISIONING_PROFILE = "";
				WRAPPER_EXTENSION = app;
			};
			name = Debug;
		};
		3DC3595118FC7602005F59E6 /* Release */ = {
			isa = XCBuildConfiguration;
			buildSettings = {
				ASSETCATALOG_COMPILER_APPICON_NAME = AppIcon;
				ASSETCATALOG_COMPILER_LAUNCHIMAGE_NAME = LaunchImage;
				CODE_SIGN_IDENTITY = "iPhone Developer";
				"CODE_SIGN_IDENTITY[sdk=iphoneos*]" = "iPhone Developer";
				GCC_PRECOMPILE_PREFIX_HEADER = YES;
				GCC_PREFIX_HEADER = "MorseTorch/MorseTorch-Prefix.pch";
				INFOPLIST_FILE = "MorseTorch/MorseTorch-Info.plist";
				PRODUCT_NAME = "$(TARGET_NAME)";
				PROVISIONING_PROFILE = "";
				WRAPPER_EXTENSION = app;
			};
			name = Release;
		};
		3DC3595318FC7602005F59E6 /* Debug */ = {
			isa = XCBuildConfiguration;
			buildSettings = {
				BUNDLE_LOADER = "$(BUILT_PRODUCTS_DIR)/MorseTorch.app/MorseTorch";
				FRAMEWORK_SEARCH_PATHS = (
					"$(SDKROOT)/Developer/Library/Frameworks",
					"$(inherited)",
					"$(DEVELOPER_FRAMEWORKS_DIR)",
				);
				GCC_PRECOMPILE_PREFIX_HEADER = YES;
				GCC_PREFIX_HEADER = "MorseTorch/MorseTorch-Prefix.pch";
				GCC_PREPROCESSOR_DEFINITIONS = (
					"DEBUG=1",
					"$(inherited)",
				);
				INFOPLIST_FILE = "MorseTorchTests/MorseTorchTests-Info.plist";
				PRODUCT_NAME = "$(TARGET_NAME)";
				TEST_HOST = "$(BUNDLE_LOADER)";
				WRAPPER_EXTENSION = xctest;
			};
			name = Debug;
		};
		3DC3595418FC7602005F59E6 /* Release */ = {
			isa = XCBuildConfiguration;
			buildSettings = {
				BUNDLE_LOADER = "$(BUILT_PRODUCTS_DIR)/MorseTorch.app/MorseTorch";
				FRAMEWORK_SEARCH_PATHS = (
					"$(SDKROOT)/Developer/Library/Frameworks",
					"$(inherited)",
					"$(DEVELOPER_FRAMEWORKS_DIR)",
				);
				GCC_PRECOMPILE_PREFIX_HEADER = YES;
				GCC_PREFIX_HEADER = "MorseTorch/MorseTorch-Prefix.pch";
				INFOPLIST_FILE = "MorseTorchTests/MorseTorchTests-Info.plist";
				PRODUCT_NAME = "$(TARGET_NAME)";
				TEST_HOST = "$(BUNDLE_LOADER)";
				WRAPPER_EXTENSION = xctest;
			};
			name = Release;
		};
/* End XCBuildConfiguration section */

/* Begin XCConfigurationList section */
		3DC3591818FC7601005F59E6 /* Build configuration list for PBXProject "MorseTorch" */ = {
			isa = XCConfigurationList;
			buildConfigurations = (
				3DC3594D18FC7602005F59E6 /* Debug */,
				3DC3594E18FC7602005F59E6 /* Release */,
			);
			defaultConfigurationIsVisible = 0;
			defaultConfigurationName = Release;
		};
		3DC3594F18FC7602005F59E6 /* Build configuration list for PBXNativeTarget "MorseTorch" */ = {
			isa = XCConfigurationList;
			buildConfigurations = (
				3DC3595018FC7602005F59E6 /* Debug */,
				3DC3595118FC7602005F59E6 /* Release */,
			);
			defaultConfigurationIsVisible = 0;
			defaultConfigurationName = Release;
		};
		3DC3595218FC7602005F59E6 /* Build configuration list for PBXNativeTarget "MorseTorchTests" */ = {
			isa = XCConfigurationList;
			buildConfigurations = (
				3DC3595318FC7602005F59E6 /* Debug */,
				3DC3595418FC7602005F59E6 /* Release */,
			);
			defaultConfigurationIsVisible = 0;
			defaultConfigurationName = Release;
		};
/* End XCConfigurationList section */
	};
	rootObject = 3DC3591518FC7601005F59E6 /* Project object */;
}
